
Microsoft Visual Studio Solution File, Format Version 12.00
# Visual Studio Version 17
VisualStudioVersion = 17.5.2.0
MinimumVisualStudioVersion = 10.0.40219.1
Project("{FAE04EC0-301F-11D3-BF4B-00C04F79EFBC}") = "Example1_RequestLogging", "Example1_RequestLogging\Example1_RequestLogging.csproj", "{047B106B-C8A2-1CDC-0526-F198EFCED795}"
EndProject
Project("{FAE04EC0-301F-11D3-BF4B-00C04F79EFBC}") = "Example2_MultipleMiddleware", "Example2_MultipleMiddleware\Example2_MultipleMiddleware.csproj", "{61D6CC89-8E27-4FD8-9AA1-8437B7AB4AAA}"
EndProject
Project("{FAE04EC0-301F-11D3-BF4B-00C04F79EFBC}") = "Example3_ResponseTime", "Example3_ResponseTime\Example3_ResponseTime.csproj", "{6D8AE43F-EC3D-4B9C-9972-F77F581AB2DB}"
EndProject
Project("{FAE04EC0-301F-11D3-BF4B-00C04F79EFBC}") = "Example4_IpFilter", "Example4_IpFilter\Example4_IpFilter.csproj", "{0662E534-9301-47FE-95F3-F1ECABE3ACE0}"
EndProject
Global
	GlobalSection(SolutionConfigurationPlatforms) = preSolution
		Debug|Any CPU = Debug|Any CPU
		Debug|x64 = Debug|x64
		Debug|x86 = Debug|x86
		Release|Any CPU = Release|Any CPU
		Release|x64 = Release|x64
		Release|x86 = Release|x86
	EndGlobalSection
	GlobalSection(ProjectConfigurationPlatforms) = postSolution
		{047B106B-C8A2-1CDC-0526-F198EFCED795}.Debug|Any CPU.ActiveCfg = Debug|Any CPU
		{047B106B-C8A2-1CDC-0526-F198EFCED795}.Debug|Any CPU.Build.0 = Debug|Any CPU
		{047B106B-C8A2-1CDC-0526-F198EFCED795}.Debug|x64.ActiveCfg = Debug|Any CPU
		{047B106B-C8A2-1CDC-0526-F198EFCED795}.Debug|x64.Build.0 = Debug|Any CPU
		{047B106B-C8A2-1CDC-0526-F198EFCED795}.Debug|x86.ActiveCfg = Debug|Any CPU
		{047B106B-C8A2-1CDC-0526-F198EFCED795}.Debug|x86.Build.0 = Debug|Any CPU
		{047B106B-C8A2-1CDC-0526-F198EFCED795}.Release|Any CPU.ActiveCfg = Release|Any CPU
		{047B106B-C8A2-1CDC-0526-F198EFCED795}.Release|Any CPU.Build.0 = Release|Any CPU
		{047B106B-C8A2-1CDC-0526-F198EFCED795}.Release|x64.ActiveCfg = Release|Any CPU
		{047B106B-C8A2-1CDC-0526-F198EFCED795}.Release|x64.Build.0 = Release|Any CPU
		{047B106B-C8A2-1CDC-0526-F198EFCED795}.Release|x86.ActiveCfg = Release|Any CPU
		{047B106B-C8A2-1CDC-0526-F198EFCED795}.Release|x86.Build.0 = Release|Any CPU
		{61D6CC89-8E27-4FD8-9AA1-8437B7AB4AAA}.Debug|Any CPU.ActiveCfg = Debug|Any CPU
		{61D6CC89-8E27-4FD8-9AA1-8437B7AB4AAA}.Debug|Any CPU.Build.0 = Debug|Any CPU
		{61D6CC89-8E27-4FD8-9AA1-8437B7AB4AAA}.Debug|x64.ActiveCfg = Debug|Any CPU
		{61D6CC89-8E27-4FD8-9AA1-8437B7AB4AAA}.Debug|x64.Build.0 = Debug|Any CPU
		{61D6CC89-8E27-4FD8-9AA1-8437B7AB4AAA}.Debug|x86.ActiveCfg = Debug|Any CPU
		{61D6CC89-8E27-4FD8-9AA1-8437B7AB4AAA}.Debug|x86.Build.0 = Debug|Any CPU
		{61D6CC89-8E27-4FD8-9AA1-8437B7AB4AAA}.Release|Any CPU.ActiveCfg = Release|Any CPU
		{61D6CC89-8E27-4FD8-9AA1-8437B7AB4AAA}.Release|Any CPU.Build.0 = Release|Any CPU
		{61D6CC89-8E27-4FD8-9AA1-8437B7AB4AAA}.Release|x64.ActiveCfg = Release|Any CPU
		{61D6CC89-8E27-4FD8-9AA1-8437B7AB4AAA}.Release|x64.Build.0 = Release|Any CPU
		{61D6CC89-8E27-4FD8-9AA1-8437B7AB4AAA}.Release|x86.ActiveCfg = Release|Any CPU
		{61D6CC89-8E27-4FD8-9AA1-8437B7AB4AAA}.Release|x86.Build.0 = Release|Any CPU
		{6D8AE43F-EC3D-4B9C-9972-F77F581AB2DB}.Debug|Any CPU.ActiveCfg = Debug|Any CPU
		{6D8AE43F-EC3D-4B9C-9972-F77F581AB2DB}.Debug|Any CPU.Build.0 = Debug|Any CPU
		{6D8AE43F-EC3D-4B9C-9972-F77F581AB2DB}.Debug|x64.ActiveCfg = Debug|Any CPU
		{6D8AE43F-EC3D-4B9C-9972-F77F581AB2DB}.Debug|x64.Build.0 = Debug|Any CPU
		{6D8AE43F-EC3D-4B9C-9972-F77F581AB2DB}.Debug|x86.ActiveCfg = Debug|Any CPU
		{6D8AE43F-EC3D-4B9C-9972-F77F581AB2DB}.Debug|x86.Build.0 = Debug|Any CPU
		{6D8AE43F-EC3D-4B9C-9972-F77F581AB2DB}.Release|Any CPU.ActiveCfg = Release|Any CPU
		{6D8AE43F-EC3D-4B9C-9972-F77F581AB2DB}.Release|Any CPU.Build.0 = Release|Any CPU
		{6D8AE43F-EC3D-4B9C-9972-F77F581AB2DB}.Release|x64.ActiveCfg = Release|Any CPU
		{6D8AE43F-EC3D-4B9C-9972-F77F581AB2DB}.Release|x64.Build.0 = Release|Any CPU
		{6D8AE43F-EC3D-4B9C-9972-F77F581AB2DB}.Release|x86.ActiveCfg = Release|Any CPU
		{6D8AE43F-EC3D-4B9C-9972-F77F581AB2DB}.Release|x86.Build.0 = Release|Any CPU
		{0662E534-9301-47FE-95F3-F1ECABE3ACE0}.Debug|Any CPU.ActiveCfg = Debug|Any CPU
		{0662E534-9301-47FE-95F3-F1ECABE3ACE0}.Debug|Any CPU.Build.0 = Debug|Any CPU
		{0662E534-9301-47FE-95F3-F1ECABE3ACE0}.Debug|x64.ActiveCfg = Debug|Any CPU
		{0662E534-9301-47FE-95F3-F1ECABE3ACE0}.Debug|x64.Build.0 = Debug|Any CPU
		{0662E534-9301-47FE-95F3-F1ECABE3ACE0}.Debug|x86.ActiveCfg = Debug|Any CPU
		{0662E534-9301-47FE-95F3-F1ECABE3ACE0}.Debug|x86.Build.0 = Debug|Any CPU
		{0662E534-9301-47FE-95F3-F1ECABE3ACE0}.Release|Any CPU.ActiveCfg = Release|Any CPU
		{0662E534-9301-47FE-95F3-F1ECABE3ACE0}.Release|Any CPU.Build.0 = Release|Any CPU
		{0662E534-9301-47FE-95F3-F1ECABE3ACE0}.Release|x64.ActiveCfg = Release|Any CPU
		{0662E534-9301-47FE-95F3-F1ECABE3ACE0}.Release|x64.Build.0 = Release|Any CPU
		{0662E534-9301-47FE-95F3-F1ECABE3ACE0}.Release|x86.ActiveCfg = Release|Any CPU
		{0662E534-9301-47FE-95F3-F1ECABE3ACE0}.Release|x86.Build.0 = Release|Any CPU
	EndGlobalSection
	GlobalSection(SolutionProperties) = preSolution
		HideSolutionNode = FALSE
	EndGlobalSection
	GlobalSection(ExtensibilityGlobals) = postSolution
		SolutionGuid = {CB9D24B2-CB15-4D2E-97BB-51C03F2AB903}
	EndGlobalSection
EndGlobal
